
Microsoft Visual Studio Solution File, Format Version 12.00
# Visual Studio 15
Project("{FAE04EC0-301F-11D3-BF4B-00C04F79EFBC}") = "LeanTouch", "LeanTouch.csproj", "{7EBA6AE4-B109-F948-2AF1-7A5497B27918}"
EndProject
Project("{FAE04EC0-301F-11D3-BF4B-00C04F79EFBC}") = "Assembly-CSharp", "Assembly-CSharp.csproj", "{7CB07B0E-6919-8630-E02B-02333EB6BC18}"
EndProject
Project("{FAE04EC0-301F-11D3-BF4B-00C04F79EFBC}") = "LeanCommon", "LeanCommon.csproj", "{B2A2E6F3-5CE8-529A-2EC1-32F594A271E6}"
EndProject
Global
	GlobalSection(SolutionConfigurationPlatforms) = preSolution
		Debug|Any CPU = Debug|Any CPU
		Release|Any CPU = Release|Any CPU
	EndGlobalSection
	GlobalSection(ProjectConfigurationPlatforms) = postSolution
		{7EBA6AE4-B109-F948-2AF1-7A5497B27918}.Debug|Any CPU.ActiveCfg = Debug|Any CPU
		{7EBA6AE4-B109-F948-2AF1-7A5497B27918}.Debug|Any CPU.Build.0 = Debug|Any CPU
		{7EBA6AE4-B109-F948-2AF1-7A5497B27918}.Release|Any CPU.ActiveCfg = Release|Any CPU
		{7EBA6AE4-B109-F948-2AF1-7A5497B27918}.Release|Any CPU.Build.0 = Release|Any CPU
		{7CB07B0E-6919-8630-E02B-02333EB6BC18}.Debug|Any CPU.ActiveCfg = Debug|Any CPU
		{7CB07B0E-6919-8630-E02B-02333EB6BC18}.Debug|Any CPU.Build.0 = Debug|Any CPU
		{7CB07B0E-6919-8630-E02B-02333EB6BC18}.Release|Any CPU.ActiveCfg = Release|Any CPU
		{7CB07B0E-6919-8630-E02B-02333EB6BC18}.Release|Any CPU.Build.0 = Release|Any CPU
		{B2A2E6F3-5CE8-529A-2EC1-32F594A271E6}.Debug|Any CPU.ActiveCfg = Debug|Any CPU
		{B2A2E6F3-5CE8-529A-2EC1-32F594A271E6}.Debug|Any CPU.Build.0 = Debug|Any CPU
		{B2A2E6F3-5CE8-529A-2EC1-32F594A271E6}.Release|Any CPU.ActiveCfg = Release|Any CPU
		{B2A2E6F3-5CE8-529A-2EC1-32F594A271E6}.Release|Any CPU.Build.0 = Release|Any CPU
	EndGlobalSection
	GlobalSection(SolutionProperties) = preSolution
		HideSolutionNode = FALSE
	EndGlobalSection
EndGlobal
